
Microsoft Visual Studio Solution File, Format Version 12.00
# Visual Studio Version 17
VisualStudioVersion = 17.9.34902.65
MinimumVisualStudioVersion = 10.0.40219.1
Project("{FAE04EC0-301F-11D3-BF4B-00C04F79EFBC}") = "Shop", "Shop.csproj", "{31174F7F-FDE3-4F51-857C-298C41EAC5D4}"
EndProject
Global
	GlobalSection(SolutionConfigurationPlatforms) = preSolution
		Debug|Any CPU = Debug|Any CPU
		Release|Any CPU = Release|Any CPU
	EndGlobalSection
	GlobalSection(ProjectConfigurationPlatforms) = postSolution
		{31174F7F-FDE3-4F51-857C-298C41EAC5D4}.Debug|Any CPU.ActiveCfg = Debug|Any CPU
		{31174F7F-FDE3-4F51-857C-298C41EAC5D4}.Debug|Any CPU.Build.0 = Debug|Any CPU
		{31174F7F-FDE3-4F51-857C-298C41EAC5D4}.Release|Any CPU.ActiveCfg = Release|Any CPU
		{31174F7F-FDE3-4F51-857C-298C41EAC5D4}.Release|Any CPU.Build.0 = Release|Any CPU
	EndGlobalSection
	GlobalSection(SolutionProperties) = preSolution
		HideSolutionNode = FALSE
	EndGlobalSection
	GlobalSection(ExtensibilityGlobals) = postSolution
		SolutionGuid = {1633467A-929E-4160-AFC5-0DBD7B517877}
	EndGlobalSection
EndGlobal
